
Microsoft Visual Studio Solution File, Format Version 12.00
# Visual Studio Version 17
VisualStudioVersion = 17.3.32901.215
MinimumVisualStudioVersion = 10.0.40219.1
Project("{9A19103F-16F7-4668-BE54-9A1E7A4F7556}") = "PersonalDiary.WebAPI", "PersonalDiary.WebAPI\PersonalDiary.WebAPI.csproj", "{EC028692-ABF9-4A38-ACAB-BFDC7DEBFE16}"
EndProject
Project("{9A19103F-16F7-4668-BE54-9A1E7A4F7556}") = "PersonalDiary.BLL", "PersonalDiary.BLL\PersonalDiary.BLL.csproj", "{B3473159-FA62-4E99-898C-9E5CF23F59FF}"
EndProject
Project("{9A19103F-16F7-4668-BE54-9A1E7A4F7556}") = "PersonalDiary.Common", "PersonalDiary.Common\PersonalDiary.Common.csproj", "{5E0E00D9-0BD0-47F3-8BDF-E24A6DA211F4}"
EndProject
Project("{9A19103F-16F7-4668-BE54-9A1E7A4F7556}") = "PersonalDiary.DAL", "PersonalDiary.DAL\PersonalDiary.DAL.csproj", "{F94DE7EE-44BE-47FE-9C6F-8EFB49AAA9B0}"
EndProject
Project("{9A19103F-16F7-4668-BE54-9A1E7A4F7556}") = "PersonalDiary.BLL.Tests", "PersonalDiary.BLL.Tests\PersonalDiary.BLL.Tests.csproj", "{A20AD935-B7D1-45EE-9B57-67A8184CE1AC}"
EndProject
Project("{2150E333-8FDC-42A3-9474-1A3956D46DE8}") = "Solution Items", "Solution Items", "{098F17FF-FB71-4362-B6D2-AB761EF4CA76}"
	ProjectSection(SolutionItems) = preProject
		.editorconfig = .editorconfig
	EndProjectSection
EndProject
Global
	GlobalSection(SolutionConfigurationPlatforms) = preSolution
		Debug|Any CPU = Debug|Any CPU
		Release|Any CPU = Release|Any CPU
	EndGlobalSection
	GlobalSection(ProjectConfigurationPlatforms) = postSolution
		{EC028692-ABF9-4A38-ACAB-BFDC7DEBFE16}.Debug|Any CPU.ActiveCfg = Debug|Any CPU
		{EC028692-ABF9-4A38-ACAB-BFDC7DEBFE16}.Debug|Any CPU.Build.0 = Debug|Any CPU
		{EC028692-ABF9-4A38-ACAB-BFDC7DEBFE16}.Release|Any CPU.ActiveCfg = Release|Any CPU
		{EC028692-ABF9-4A38-ACAB-BFDC7DEBFE16}.Release|Any CPU.Build.0 = Release|Any CPU
		{B3473159-FA62-4E99-898C-9E5CF23F59FF}.Debug|Any CPU.ActiveCfg = Debug|Any CPU
		{B3473159-FA62-4E99-898C-9E5CF23F59FF}.Debug|Any CPU.Build.0 = Debug|Any CPU
		{B3473159-FA62-4E99-898C-9E5CF23F59FF}.Release|Any CPU.ActiveCfg = Release|Any CPU
		{B3473159-FA62-4E99-898C-9E5CF23F59FF}.Release|Any CPU.Build.0 = Release|Any CPU
		{5E0E00D9-0BD0-47F3-8BDF-E24A6DA211F4}.Debug|Any CPU.ActiveCfg = Debug|Any CPU
		{5E0E00D9-0BD0-47F3-8BDF-E24A6DA211F4}.Debug|Any CPU.Build.0 = Debug|Any CPU
		{5E0E00D9-0BD0-47F3-8BDF-E24A6DA211F4}.Release|Any CPU.ActiveCfg = Release|Any CPU
		{5E0E00D9-0BD0-47F3-8BDF-E24A6DA211F4}.Release|Any CPU.Build.0 = Release|Any CPU
		{F94DE7EE-44BE-47FE-9C6F-8EFB49AAA9B0}.Debug|Any CPU.ActiveCfg = Debug|Any CPU
		{F94DE7EE-44BE-47FE-9C6F-8EFB49AAA9B0}.Debug|Any CPU.Build.0 = Debug|Any CPU
		{F94DE7EE-44BE-47FE-9C6F-8EFB49AAA9B0}.Release|Any CPU.ActiveCfg = Release|Any CPU
		{F94DE7EE-44BE-47FE-9C6F-8EFB49AAA9B0}.Release|Any CPU.Build.0 = Release|Any CPU
		{A20AD935-B7D1-45EE-9B57-67A8184CE1AC}.Debug|Any CPU.ActiveCfg = Debug|Any CPU
		{A20AD935-B7D1-45EE-9B57-67A8184CE1AC}.Debug|Any CPU.Build.0 = Debug|Any CPU
		{A20AD935-B7D1-45EE-9B57-67A8184CE1AC}.Release|Any CPU.ActiveCfg = Release|Any CPU
		{A20AD935-B7D1-45EE-9B57-67A8184CE1AC}.Release|Any CPU.Build.0 = Release|Any CPU
	EndGlobalSection
	GlobalSection(SolutionProperties) = preSolution
		HideSolutionNode = FALSE
	EndGlobalSection
	GlobalSection(ExtensibilityGlobals) = postSolution
		SolutionGuid = {8AB459D7-B677-4FC0-B6BE-035748210B4C}
	EndGlobalSection
EndGlobal
